// !$*UTF8*$!
{
	archiveVersion = 1;
	classes = {
	};
	objectVersion = 56;
	objects = {

/* Begin PBXBuildFile section */
		7B5083412C54E9270051552A /* NonSmokerApp.swift in Sources */ = {isa = PBXBuildFile; fileRef = 7B5083402C54E9270051552A /* NonSmokerApp.swift */; };
		7B5083432C54E9270051552A /* ContentView.swift in Sources */ = {isa = PBXBuildFile; fileRef = 7B5083422C54E9270051552A /* ContentView.swift */; };
		7B5083452C54E9290051552A /* Assets.xcassets in Resources */ = {isa = PBXBuildFile; fileRef = 7B5083442C54E9290051552A /* Assets.xcassets */; };
		7B5083482C54E9290051552A /* Preview Assets.xcassets in Resources */ = {isa = PBXBuildFile; fileRef = 7B5083472C54E9290051552A /* Preview Assets.xcassets */; };
		7B50834F2C54E9E90051552A /* TimerManager.swift in Sources */ = {isa = PBXBuildFile; fileRef = 7B50834E2C54E9E90051552A /* TimerManager.swift */; };
		7B5083512C54E9F50051552A /* DefaultButtonView.swift in Sources */ = {isa = PBXBuildFile; fileRef = 7B5083502C54E9F50051552A /* DefaultButtonView.swift */; };
		7B5083532C54E9FC0051552A /* Constants.swift in Sources */ = {isa = PBXBuildFile; fileRef = 7B5083522C54E9FC0051552A /* Constants.swift */; };
		7B5083552C54EA050051552A /* TimerView.swift in Sources */ = {isa = PBXBuildFile; fileRef = 7B5083542C54EA050051552A /* TimerView.swift */; };
		7B5083572C54EA0A0051552A /* FontHandler.swift in Sources */ = {isa = PBXBuildFile; fileRef = 7B5083562C54EA0A0051552A /* FontHandler.swift */; };
		7B5083592C54EA120051552A /* CircleBackgroundView.swift in Sources */ = {isa = PBXBuildFile; fileRef = 7B5083582C54EA110051552A /* CircleBackgroundView.swift */; };
		7B50835C2C54EAC80051552A /* AudioPlayerManager.swift in Sources */ = {isa = PBXBuildFile; fileRef = 7B50835A2C54EAC80051552A /* AudioPlayerManager.swift */; };
		7B50835F2C54EAE30051552A /* laugh.mp3 in Resources */ = {isa = PBXBuildFile; fileRef = 7B50835D2C54EAE30051552A /* laugh.mp3 */; };
		7B5083622C54ECF30051552A /* HeaderView.swift in Sources */ = {isa = PBXBuildFile; fileRef = 7B5083612C54ECF30051552A /* HeaderView.swift */; };
/* End PBXBuildFile section */

/* Begin PBXFileReference section */
		7B50833D2C54E9270051552A /* NonSmoker.app */ = {isa = PBXFileReference; explicitFileType = wrapper.application; includeInIndex = 0; path = NonSmoker.app; sourceTree = BUILT_PRODUCTS_DIR; };
		7B5083402C54E9270051552A /* NonSmokerApp.swift */ = {isa = PBXFileReference; lastKnownFileType = sourcecode.swift; path = NonSmokerApp.swift; sourceTree = "<group>"; };
		7B5083422C54E9270051552A /* ContentView.swift */ = {isa = PBXFileReference; lastKnownFileType = sourcecode.swift; path = ContentView.swift; sourceTree = "<group>"; };
		7B5083442C54E9290051552A /* Assets.xcassets */ = {isa = PBXFileReference; lastKnownFileType = folder.assetcatalog; path = Assets.xcassets; sourceTree = "<group>"; };
		7B5083472C54E9290051552A /* Preview Assets.xcassets */ = {isa = PBXFileReference; lastKnownFileType = folder.assetcatalog; path = "Preview Assets.xcassets"; sourceTree = "<group>"; };
		7B50834E2C54E9E90051552A /* TimerManager.swift */ = {isa = PBXFileReference; fileEncoding = 4; lastKnownFileType = sourcecode.swift; path = TimerManager.swift; sourceTree = "<group>"; };
		7B5083502C54E9F50051552A /* DefaultButtonView.swift */ = {isa = PBXFileReference; fileEncoding = 4; lastKnownFileType = sourcecode.swift; path = DefaultButtonView.swift; sourceTree = "<group>"; };
		7B5083522C54E9FC0051552A /* Constants.swift */ = {isa = PBXFileReference; fileEncoding = 4; lastKnownFileType = sourcecode.swift; path = Constants.swift; sourceTree = "<group>"; };
		7B5083542C54EA050051552A /* TimerView.swift */ = {isa = PBXFileReference; fileEncoding = 4; lastKnownFileType = sourcecode.swift; path = TimerView.swift; sourceTree = "<group>"; };
		7B5083562C54EA0A0051552A /* FontHandler.swift */ = {isa = PBXFileReference; fileEncoding = 4; lastKnownFileType = sourcecode.swift; path = FontHandler.swift; sourceTree = "<group>"; };
		7B5083582C54EA110051552A /* CircleBackgroundView.swift */ = {isa = PBXFileReference; fileEncoding = 4; lastKnownFileType = sourcecode.swift; path = CircleBackgroundView.swift; sourceTree = "<group>"; };
		7B50835A2C54EAC80051552A /* AudioPlayerManager.swift */ = {isa = PBXFileReference; fileEncoding = 4; lastKnownFileType = sourcecode.swift; path = AudioPlayerManager.swift; sourceTree = "<group>"; };
		7B50835D2C54EAE30051552A /* laugh.mp3 */ = {isa = PBXFileReference; lastKnownFileType = audio.mp3; path = laugh.mp3; sourceTree = "<group>"; };
		7B5083612C54ECF30051552A /* HeaderView.swift */ = {isa = PBXFileReference; lastKnownFileType = sourcecode.swift; path = HeaderView.swift; sourceTree = "<group>"; };
/* End PBXFileReference section */

/* Begin PBXFrameworksBuildPhase section */
		7B50833A2C54E9270051552A /* Frameworks */ = {
			isa = PBXFrameworksBuildPhase;
			buildActionMask = 2147483647;
			files = (
			);
			runOnlyForDeploymentPostprocessing = 0;
		};
/* End PBXFrameworksBuildPhase section */

/* Begin PBXGroup section */
		7B5083342C54E9270051552A = {
			isa = PBXGroup;
			children = (
				7B50833F2C54E9270051552A /* NonSmoker */,
				7B50833E2C54E9270051552A /* Products */,
			);
			sourceTree = "<group>";
		};
		7B50833E2C54E9270051552A /* Products */ = {
			isa = PBXGroup;
			children = (
				7B50833D2C54E9270051552A /* NonSmoker.app */,
			);
			name = Products;
			sourceTree = "<group>";
		};
		7B50833F2C54E9270051552A /* NonSmoker */ = {
			isa = PBXGroup;
			children = (
				7B5083602C54ECEC0051552A /* View */,
				7B50835E2C54EAE30051552A /* source */,
				7B50835B2C54EAC80051552A /* Manager */,
				7B5083502C54E9F50051552A /* DefaultButtonView.swift */,
				7B5083402C54E9270051552A /* NonSmokerApp.swift */,
				7B50834E2C54E9E90051552A /* TimerManager.swift */,
				7B5083422C54E9270051552A /* ContentView.swift */,
				7B5083542C54EA050051552A /* TimerView.swift */,
				7B5083522C54E9FC0051552A /* Constants.swift */,
				7B5083562C54EA0A0051552A /* FontHandler.swift */,
				7B5083582C54EA110051552A /* CircleBackgroundView.swift */,
				7B5083442C54E9290051552A /* Assets.xcassets */,
				7B5083462C54E9290051552A /* Preview Content */,
			);
			path = NonSmoker;
			sourceTree = "<group>";
		};
		7B5083462C54E9290051552A /* Preview Content */ = {
			isa = PBXGroup;
			children = (
				7B5083472C54E9290051552A /* Preview Assets.xcassets */,
			);
			path = "Preview Content";
			sourceTree = "<group>";
		};
		7B50835B2C54EAC80051552A /* Manager */ = {
			isa = PBXGroup;
			children = (
				7B50835A2C54EAC80051552A /* AudioPlayerManager.swift */,
			);
			path = Manager;
			sourceTree = "<group>";
		};
		7B50835E2C54EAE30051552A /* source */ = {
			isa = PBXGroup;
			children = (
				7B50835D2C54EAE30051552A /* laugh.mp3 */,
			);
			path = source;
			sourceTree = "<group>";
		};
		7B5083602C54ECEC0051552A /* View */ = {
			isa = PBXGroup;
			children = (
				7B5083612C54ECF30051552A /* HeaderView.swift */,
			);
			path = View;
			sourceTree = "<group>";
		};
/* End PBXGroup section */

/* Begin PBXNativeTarget section */
		7B50833C2C54E9270051552A /* NonSmoker */ = {
			isa = PBXNativeTarget;
			buildConfigurationList = 7B50834B2C54E9290051552A /* Build configuration list for PBXNativeTarget "NonSmoker" */;
			buildPhases = (
				7B5083392C54E9270051552A /* Sources */,
				7B50833A2C54E9270051552A /* Frameworks */,
				7B50833B2C54E9270051552A /* Resources */,
			);
			buildRules = (
			);
			dependencies = (
			);
			name = NonSmoker;
			productName = NonSmoker;
			productReference = 7B50833D2C54E9270051552A /* NonSmoker.app */;
			productType = "com.apple.product-type.application";
		};
/* End PBXNativeTarget section */

/* Begin PBXProject section */
		7B5083352C54E9270051552A /* Project object */ = {
			isa = PBXProject;
			attributes = {
				BuildIndependentTargetsInParallel = 1;
				LastSwiftUpdateCheck = 1540;
				LastUpgradeCheck = 1540;
				TargetAttributes = {
					7B50833C2C54E9270051552A = {
						CreatedOnToolsVersion = 15.4;
					};
				};
			};
			buildConfigurationList = 7B5083382C54E9270051552A /* Build configuration list for PBXProject "NonSmoker" */;
			compatibilityVersion = "Xcode 14.0";
			developmentRegion = en;
			hasScannedForEncodings = 0;
			knownRegions = (
				en,
				Base,
			);
			mainGroup = 7B5083342C54E9270051552A;
			productRefGroup = 7B50833E2C54E9270051552A /* Products */;
			projectDirPath = "";
			projectRoot = "";
			targets = (
				7B50833C2C54E9270051552A /* NonSmoker */,
			);
		};
/* End PBXProject section */

/* Begin PBXResourcesBuildPhase section */
		7B50833B2C54E9270051552A /* Resources */ = {
			isa = PBXResourcesBuildPhase;
			buildActionMask = 2147483647;
			files = (
				7B5083482C54E9290051552A /* Preview Assets.xcassets in Resources */,
				7B5083452C54E9290051552A /* Assets.xcassets in Resources */,
				7B50835F2C54EAE30051552A /* laugh.mp3 in Resources */,
			);
			runOnlyForDeploymentPostprocessing = 0;
		};
/* End PBXResourcesBuildPhase section */

/* Begin PBXSourcesBuildPhase section */
		7B5083392C54E9270051552A /* Sources */ = {
			isa = PBXSourcesBuildPhase;
			buildActionMask = 2147483647;
			files = (
				7B5083552C54EA050051552A /* TimerView.swift in Sources */,
				7B5083532C54E9FC0051552A /* Constants.swift in Sources */,
				7B5083592C54EA120051552A /* CircleBackgroundView.swift in Sources */,
				7B5083572C54EA0A0051552A /* FontHandler.swift in Sources */,
				7B50834F2C54E9E90051552A /* TimerManager.swift in Sources */,
				7B5083622C54ECF30051552A /* HeaderView.swift in Sources */,
				7B5083432C54E9270051552A /* ContentView.swift in Sources */,
				7B5083512C54E9F50051552A /* DefaultButtonView.swift in Sources */,
				7B50835C2C54EAC80051552A /* AudioPlayerManager.swift in Sources */,
				7B5083412C54E9270051552A /* NonSmokerApp.swift in Sources */,
			);
			runOnlyForDeploymentPostprocessing = 0;
		};
/* End PBXSourcesBuildPhase section */

/* Begin XCBuildConfiguration section */
		7B5083492C54E9290051552A /* Debug */ = {
			isa = XCBuildConfiguration;
			buildSettings = {
				ALWAYS_SEARCH_USER_PATHS = NO;
				ASSETCATALOG_COMPILER_GENERATE_SWIFT_ASSET_SYMBOL_EXTENSIONS = YES;
				CLANG_ANALYZER_NONNULL = YES;
				CLANG_ANALYZER_NUMBER_OBJECT_CONVERSION = YES_AGGRESSIVE;
				CLANG_CXX_LANGUAGE_STANDARD = "gnu++20";
				CLANG_ENABLE_MODULES = YES;
				CLANG_ENABLE_OBJC_ARC = YES;
				CLANG_ENABLE_OBJC_WEAK = YES;
				CLANG_WARN_BLOCK_CAPTURE_AUTORELEASING = YES;
				CLANG_WARN_BOOL_CONVERSION = YES;
				CLANG_WARN_COMMA = YES;
				CLANG_WARN_CONSTANT_CONVERSION = YES;
				CLANG_WARN_DEPRECATED_OBJC_IMPLEMENTATIONS = YES;
				CLANG_WARN_DIRECT_OBJC_ISA_USAGE = YES_ERROR;
				CLANG_WARN_DOCUMENTATION_COMMENTS = YES;
				CLANG_WARN_EMPTY_BODY = YES;
				CLANG_WARN_ENUM_CONVERSION = YES;
				CLANG_WARN_INFINITE_RECURSION = YES;
				CLANG_WARN_INT_CONVERSION = YES;
				CLANG_WARN_NON_LITERAL_NULL_CONVERSION = YES;
				CLANG_WARN_OBJC_IMPLICIT_RETAIN_SELF = YES;
				CLANG_WARN_OBJC_LITERAL_CONVERSION = YES;
				CLANG_WARN_OBJC_ROOT_CLASS = YES_ERROR;
				CLANG_WARN_QUOTED_INCLUDE_IN_FRAMEWORK_HEADER = YES;
				CLANG_WARN_RANGE_LOOP_ANALYSIS = YES;
				CLANG_WARN_STRICT_PROTOTYPES = YES;
				CLANG_WARN_SUSPICIOUS_MOVE = YES;
				CLANG_WARN_UNGUARDED_AVAILABILITY = YES_AGGRESSIVE;
				CLANG_WARN_UNREACHABLE_CODE = YES;
				CLANG_WARN__DUPLICATE_METHOD_MATCH = YES;
				COPY_PHASE_STRIP = NO;
				DEBUG_INFORMATION_FORMAT = dwarf;
				ENABLE_STRICT_OBJC_MSGSEND = YES;
				ENABLE_TESTABILITY = YES;
				ENABLE_USER_SCRIPT_SANDBOXING = YES;
				GCC_C_LANGUAGE_STANDARD = gnu17;
				GCC_DYNAMIC_NO_PIC = NO;
				GCC_NO_COMMON_BLOCKS = YES;
				GCC_OPTIMIZATION_LEVEL = 0;
				GCC_PREPROCESSOR_DEFINITIONS = (
					"DEBUG=1",
					"$(inherited)",
				);
				GCC_WARN_64_TO_32_BIT_CONVERSION = YES;
				GCC_WARN_ABOUT_RETURN_TYPE = YES_ERROR;
				GCC_WARN_UNDECLARED_SELECTOR = YES;
				GCC_WARN_UNINITIALIZED_AUTOS = YES_AGGRESSIVE;
				GCC_WARN_UNUSED_FUNCTION = YES;
				GCC_WARN_UNUSED_VARIABLE = YES;
				IPHONEOS_DEPLOYMENT_TARGET = 17.5;
				LOCALIZATION_PREFERS_STRING_CATALOGS = YES;
				MTL_ENABLE_DEBUG_INFO = INCLUDE_SOURCE;
				MTL_FAST_MATH = YES;
				ONLY_ACTIVE_ARCH = YES;
				SDKROOT = iphoneos;
				SWIFT_ACTIVE_COMPILATION_CONDITIONS = "DEBUG $(inherited)";
				SWIFT_OPTIMIZATION_LEVEL = "-Onone";
			};
			name = Debug;
		};
		7B50834A2C54E9290051552A /* Release */ = {
			isa = XCBuildConfiguration;
			buildSettings = {
				ALWAYS_SEARCH_USER_PATHS = NO;
				ASSETCATALOG_COMPILER_GENERATE_SWIFT_ASSET_SYMBOL_EXTENSIONS = YES;
				CLANG_ANALYZER_NONNULL = YES;
				CLANG_ANALYZER_NUMBER_OBJECT_CONVERSION = YES_AGGRESSIVE;
				CLANG_CXX_LANGUAGE_STANDARD = "gnu++20";
				CLANG_ENABLE_MODULES = YES;
				CLANG_ENABLE_OBJC_ARC = YES;
				CLANG_ENABLE_OBJC_WEAK = YES;
				CLANG_WARN_BLOCK_CAPTURE_AUTORELEASING = YES;
				CLANG_WARN_BOOL_CONVERSION = YES;
				CLANG_WARN_COMMA = YES;
				CLANG_WARN_CONSTANT_CONVERSION = YES;
				CLANG_WARN_DEPRECATED_OBJC_IMPLEMENTATIONS = YES;
				CLANG_WARN_DIRECT_OBJC_ISA_USAGE = YES_ERROR;
				CLANG_WARN_DOCUMENTATION_COMMENTS = YES;
				CLANG_WARN_EMPTY_BODY = YES;
				CLANG_WARN_ENUM_CONVERSION = YES;
				CLANG_WARN_INFINITE_RECURSION = YES;
				CLANG_WARN_INT_CONVERSION = YES;
				CLANG_WARN_NON_LITERAL_NULL_CONVERSION = YES;
				CLANG_WARN_OBJC_IMPLICIT_RETAIN_SELF = YES;
				CLANG_WARN_OBJC_LITERAL_CONVERSION = YES;
				CLANG_WARN_OBJC_ROOT_CLASS = YES_ERROR;
				CLANG_WARN_QUOTED_INCLUDE_IN_FRAMEWORK_HEADER = YES;
				CLANG_WARN_RANGE_LOOP_ANALYSIS = YES;
				CLANG_WARN_STRICT_PROTOTYPES = YES;
				CLANG_WARN_SUSPICIOUS_MOVE = YES;
				CLANG_WARN_UNGUARDED_AVAILABILITY = YES_AGGRESSIVE;
				CLANG_WARN_UNREACHABLE_CODE = YES;
				CLANG_WARN__DUPLICATE_METHOD_MATCH = YES;
				COPY_PHASE_STRIP = NO;
				DEBUG_INFORMATION_FORMAT = "dwarf-with-dsym";
				ENABLE_NS_ASSERTIONS = NO;
				ENABLE_STRICT_OBJC_MSGSEND = YES;
				ENABLE_USER_SCRIPT_SANDBOXING = YES;
				GCC_C_LANGUAGE_STANDARD = gnu17;
				GCC_NO_COMMON_BLOCKS = YES;
				GCC_WARN_64_TO_32_BIT_CONVERSION = YES;
				GCC_WARN_ABOUT_RETURN_TYPE = YES_ERROR;
				GCC_WARN_UNDECLARED_SELECTOR = YES;
				GCC_WARN_UNINITIALIZED_AUTOS = YES_AGGRESSIVE;
				GCC_WARN_UNUSED_FUNCTION = YES;
				GCC_WARN_UNUSED_VARIABLE = YES;
				IPHONEOS_DEPLOYMENT_TARGET = 17.5;
				LOCALIZATION_PREFERS_STRING_CATALOGS = YES;
				MTL_ENABLE_DEBUG_INFO = NO;
				MTL_FAST_MATH = YES;
				SDKROOT = iphoneos;
				SWIFT_COMPILATION_MODE = wholemodule;
				VALIDATE_PRODUCT = YES;
			};
			name = Release;
		};
		7B50834C2C54E9290051552A /* Debug */ = {
			isa = XCBuildConfiguration;
			buildSettings = {
				ASSETCATALOG_COMPILER_APPICON_NAME = AppIcon;
				ASSETCATALOG_COMPILER_GLOBAL_ACCENT_COLOR_NAME = AccentColor;
				CODE_SIGN_STYLE = Automatic;
				CURRENT_PROJECT_VERSION = 1;
				DEVELOPMENT_ASSET_PATHS = "\"NonSmoker/Preview Content\"";
				DEVELOPMENT_TEAM = KTK732WRHB;
				ENABLE_PREVIEWS = YES;
				GENERATE_INFOPLIST_FILE = YES;
				INFOPLIST_KEY_UIApplicationSceneManifest_Generation = YES;
				INFOPLIST_KEY_UIApplicationSupportsIndirectInputEvents = YES;
				INFOPLIST_KEY_UILaunchScreen_Generation = YES;
				INFOPLIST_KEY_UISupportedInterfaceOrientations_iPad = "UIInterfaceOrientationPortrait UIInterfaceOrientationPortraitUpsideDown UIInterfaceOrientationLandscapeLeft UIInterfaceOrientationLandscapeRight";
				INFOPLIST_KEY_UISupportedInterfaceOrientations_iPhone = "UIInterfaceOrientationPortrait UIInterfaceOrientationLandscapeLeft UIInterfaceOrientationLandscapeRight";
				LD_RUNPATH_SEARCH_PATHS = (
					"$(inherited)",
					"@executable_path/Frameworks",
				);
				MARKETING_VERSION = 1.0;
				PRODUCT_BUNDLE_IDENTIFIER = com.allymationes.NonSmoker;
				PRODUCT_NAME = "$(TARGET_NAME)";
				SWIFT_EMIT_LOC_STRINGS = YES;
				SWIFT_VERSION = 5.0;
				TARGETED_DEVICE_FAMILY = "1,2";
			};
			name = Debug;
		};
		7B50834D2C54E9290051552A /* Release */ = {
			isa = XCBuildConfiguration;
			buildSettings = {
				ASSETCATALOG_COMPILER_APPICON_NAME = AppIcon;
				ASSETCATALOG_COMPILER_GLOBAL_ACCENT_COLOR_NAME = AccentColor;
				CODE_SIGN_STYLE = Automatic;
				CURRENT_PROJECT_VERSION = 1;
				DEVELOPMENT_ASSET_PATHS = "\"NonSmoker/Preview Content\"";
				DEVELOPMENT_TEAM = KTK732WRHB;
				ENABLE_PREVIEWS = YES;
				GENERATE_INFOPLIST_FILE = YES;
				INFOPLIST_KEY_UIApplicationSceneManifest_Generation = YES;
				INFOPLIST_KEY_UIApplicationSupportsIndirectInputEvents = YES;
				INFOPLIST_KEY_UILaunchScreen_Generation = YES;
				INFOPLIST_KEY_UISupportedInterfaceOrientations_iPad = "UIInterfaceOrientationPortrait UIInterfaceOrientationPortraitUpsideDown UIInterfaceOrientationLandscapeLeft UIInterfaceOrientationLandscapeRight";
				INFOPLIST_KEY_UISupportedInterfaceOrientations_iPhone = "UIInterfaceOrientationPortrait UIInterfaceOrientationLandscapeLeft UIInterfaceOrientationLandscapeRight";
				LD_RUNPATH_SEARCH_PATHS = (
					"$(inherited)",
					"@executable_path/Frameworks",
				);
				MARKETING_VERSION = 1.0;
				PRODUCT_BUNDLE_IDENTIFIER = com.allymationes.NonSmoker;
				PRODUCT_NAME = "$(TARGET_NAME)";
				SWIFT_EMIT_LOC_STRINGS = YES;
				SWIFT_VERSION = 5.0;
				TARGETED_DEVICE_FAMILY = "1,2";
			};
			name = Release;
		};
/* End XCBuildConfiguration section */

/* Begin XCConfigurationList section */
		7B5083382C54E9270051552A /* Build configuration list for PBXProject "NonSmoker" */ = {
			isa = XCConfigurationList;
			buildConfigurations = (
				7B5083492C54E9290051552A /* Debug */,
				7B50834A2C54E9290051552A /* Release */,
			);
			defaultConfigurationIsVisible = 0;
			defaultConfigurationName = Release;
		};
		7B50834B2C54E9290051552A /* Build configuration list for PBXNativeTarget "NonSmoker" */ = {
			isa = XCConfigurationList;
			buildConfigurations = (
				7B50834C2C54E9290051552A /* Debug */,
				7B50834D2C54E9290051552A /* Release */,
			);
			defaultConfigurationIsVisible = 0;
			defaultConfigurationName = Release;
		};
/* End XCConfigurationList section */
	};
	rootObject = 7B5083352C54E9270051552A /* Project object */;
}
