// !$*UTF8*$!
{
	archiveVersion = 1;
	classes = {
	};
	objectVersion = 56;
	objects = {

/* Begin PBXBuildFile section */
		7B0686322CD19CDC00A96EE6 /* SettingsViewModel.swift in Sources */ = {isa = PBXBuildFile; fileRef = 7B0686312CD19CDC00A96EE6 /* SettingsViewModel.swift */; };
		7B41F2A32C5D4B9E00DE7F7A /* TopLittleButton.swift in Sources */ = {isa = PBXBuildFile; fileRef = 7B41F2A22C5D4B9E00DE7F7A /* TopLittleButton.swift */; };
		7B41F2A62C5D4D5000DE7F7A /* ActivePopup.swift in Sources */ = {isa = PBXBuildFile; fileRef = 7B41F2A52C5D4D5000DE7F7A /* ActivePopup.swift */; };
		7B41F2A82C5D4F0200DE7F7A /* AdviceViewModel.swift in Sources */ = {isa = PBXBuildFile; fileRef = 7B41F2A72C5D4F0200DE7F7A /* AdviceViewModel.swift */; };
		7B41F2AB2C5D504300DE7F7A /* AdviceModel.swift in Sources */ = {isa = PBXBuildFile; fileRef = 7B41F2AA2C5D504300DE7F7A /* AdviceModel.swift */; };
		7B41F2AD2C5D54DA00DE7F7A /* TitleModifier.swift in Sources */ = {isa = PBXBuildFile; fileRef = 7B41F2AC2C5D54DA00DE7F7A /* TitleModifier.swift */; };
		7B41F2AF2C5D55DE00DE7F7A /* SubtitleModifier.swift in Sources */ = {isa = PBXBuildFile; fileRef = 7B41F2AE2C5D55DE00DE7F7A /* SubtitleModifier.swift */; };
		7B41F2B12C5D580000DE7F7A /* doctor.json in Resources */ = {isa = PBXBuildFile; fileRef = 7B41F2B02C5D580000DE7F7A /* doctor.json */; };
		7B41F2B32C5D612800DE7F7A /* XMarkView.swift in Sources */ = {isa = PBXBuildFile; fileRef = 7B41F2B22C5D612800DE7F7A /* XMarkView.swift */; };
		7B41F2B52C5D617100DE7F7A /* AdviceView.swift in Sources */ = {isa = PBXBuildFile; fileRef = 7B41F2B42C5D617100DE7F7A /* AdviceView.swift */; };
		7B5083412C54E9270051552A /* NonSmokerApp.swift in Sources */ = {isa = PBXBuildFile; fileRef = 7B5083402C54E9270051552A /* NonSmokerApp.swift */; };
		7B5083432C54E9270051552A /* HomeDelegate.swift in Sources */ = {isa = PBXBuildFile; fileRef = 7B5083422C54E9270051552A /* HomeDelegate.swift */; };
		7B5083452C54E9290051552A /* Assets.xcassets in Resources */ = {isa = PBXBuildFile; fileRef = 7B5083442C54E9290051552A /* Assets.xcassets */; };
		7B5083482C54E9290051552A /* Preview Assets.xcassets in Resources */ = {isa = PBXBuildFile; fileRef = 7B5083472C54E9290051552A /* Preview Assets.xcassets */; };
		7B50834F2C54E9E90051552A /* TimerManager.swift in Sources */ = {isa = PBXBuildFile; fileRef = 7B50834E2C54E9E90051552A /* TimerManager.swift */; };
		7B5083512C54E9F50051552A /* DefaultButtonView.swift in Sources */ = {isa = PBXBuildFile; fileRef = 7B5083502C54E9F50051552A /* DefaultButtonView.swift */; };
		7B5083532C54E9FC0051552A /* Constants.swift in Sources */ = {isa = PBXBuildFile; fileRef = 7B5083522C54E9FC0051552A /* Constants.swift */; };
		7B5083552C54EA050051552A /* TimerView.swift in Sources */ = {isa = PBXBuildFile; fileRef = 7B5083542C54EA050051552A /* TimerView.swift */; };
		7B5083572C54EA0A0051552A /* FontHandler.swift in Sources */ = {isa = PBXBuildFile; fileRef = 7B5083562C54EA0A0051552A /* FontHandler.swift */; };
		7B5083592C54EA120051552A /* CircleBackgroundView.swift in Sources */ = {isa = PBXBuildFile; fileRef = 7B5083582C54EA110051552A /* CircleBackgroundView.swift */; };
		7B50835C2C54EAC80051552A /* AudioPlayerManager.swift in Sources */ = {isa = PBXBuildFile; fileRef = 7B50835A2C54EAC80051552A /* AudioPlayerManager.swift */; };
		7B5083622C54ECF30051552A /* HeaderView.swift in Sources */ = {isa = PBXBuildFile; fileRef = 7B5083612C54ECF30051552A /* HeaderView.swift */; };
		7B620C342CADB6D00002917B /* SettingsView.swift in Sources */ = {isa = PBXBuildFile; fileRef = 7B620C332CADB6D00002917B /* SettingsView.swift */; };
		7B70E37A2C5D6CCD006B53DD /* Hex.swift in Sources */ = {isa = PBXBuildFile; fileRef = 7B70E3792C5D6CCD006B53DD /* Hex.swift */; };
		7B70E37C2C5D7246006B53DD /* AnimatedGradient.swift in Sources */ = {isa = PBXBuildFile; fileRef = 7B70E37B2C5D7246006B53DD /* AnimatedGradient.swift */; };
		7B70E37E2C5DA833006B53DD /* restartSmoking.json in Resources */ = {isa = PBXBuildFile; fileRef = 7B70E37D2C5DA833006B53DD /* restartSmoking.json */; };
		7B7189AE2C5682F4006F106B /* NotificationManager.swift in Sources */ = {isa = PBXBuildFile; fileRef = 7B7189AD2C5682F4006F106B /* NotificationManager.swift */; };
		7B7189B32C5683E2006F106B /* ISmokedPopupView.swift in Sources */ = {isa = PBXBuildFile; fileRef = 7B7189B22C5683E2006F106B /* ISmokedPopupView.swift */; };
		7B7189B62C56849B006F106B /* LottieAnimationViewHelper.swift in Sources */ = {isa = PBXBuildFile; fileRef = 7B7189B52C56849B006F106B /* LottieAnimationViewHelper.swift */; };
		7B7189C02C56873A006F106B /* ISmokedPopupViewModel.swift in Sources */ = {isa = PBXBuildFile; fileRef = 7B7189BF2C56873A006F106B /* ISmokedPopupViewModel.swift */; };
		7B7189C82C56922E006F106B /* smoke.json in Resources */ = {isa = PBXBuildFile; fileRef = 7B7189C72C56922E006F106B /* smoke.json */; };
		7B7189CD2C5692EC006F106B /* Lottie in Frameworks */ = {isa = PBXBuildFile; productRef = 7B7189CC2C5692EC006F106B /* Lottie */; };
		7B7189CF2C569386006F106B /* deathNergis.json in Resources */ = {isa = PBXBuildFile; fileRef = 7B7189CE2C569386006F106B /* deathNergis.json */; };
		7B7189D12C5693D6006F106B /* deathnotpro.json in Resources */ = {isa = PBXBuildFile; fileRef = 7B7189D02C5693D6006F106B /* deathnotpro.json */; };
		7B7189D92C569A70006F106B /* again.mp3 in Resources */ = {isa = PBXBuildFile; fileRef = 7B7189D82C569A70006F106B /* again.mp3 */; };
		7B751E1B2C61312800FBCB2B /* HealthViewModel.swift in Sources */ = {isa = PBXBuildFile; fileRef = 7B751E1A2C61312800FBCB2B /* HealthViewModel.swift */; };
		7B751E1D2C61318F00FBCB2B /* HealthModel.swift in Sources */ = {isa = PBXBuildFile; fileRef = 7B751E1C2C61318F00FBCB2B /* HealthModel.swift */; };
		7B751E1F2C613F0500FBCB2B /* HealthSheetView.swift in Sources */ = {isa = PBXBuildFile; fileRef = 7B751E1E2C613F0500FBCB2B /* HealthSheetView.swift */; };
		7B751E212C613FC700FBCB2B /* HealthCellView.swift in Sources */ = {isa = PBXBuildFile; fileRef = 7B751E202C613FC700FBCB2B /* HealthCellView.swift */; };
		7B8E73C72C5F98E400FB5CA3 /* MainHealthSectionView.swift in Sources */ = {isa = PBXBuildFile; fileRef = 7B8E73C62C5F98E400FB5CA3 /* MainHealthSectionView.swift */; };
		7B8E73C92C5F9E3200FB5CA3 /* ChargingBarView.swift in Sources */ = {isa = PBXBuildFile; fileRef = 7B8E73C82C5F9E3200FB5CA3 /* ChargingBarView.swift */; };
		7B9BECFA2C60E91B00E48ACA /* BottomSheetModifier.swift in Sources */ = {isa = PBXBuildFile; fileRef = 7B9BECF92C60E91B00E48ACA /* BottomSheetModifier.swift */; };
		7B9BECFC2C60E98800E48ACA /* ActiveSheet.swift in Sources */ = {isa = PBXBuildFile; fileRef = 7B9BECFB2C60E98800E48ACA /* ActiveSheet.swift */; };
		7B9BECFE2C60EB0C00E48ACA /* AchievementsViewModel.swift in Sources */ = {isa = PBXBuildFile; fileRef = 7B9BECFD2C60EB0C00E48ACA /* AchievementsViewModel.swift */; };
		7B9BED002C60EB2900E48ACA /* AchievementsModel.swift in Sources */ = {isa = PBXBuildFile; fileRef = 7B9BECFF2C60EB2900E48ACA /* AchievementsModel.swift */; };
		7B9BED022C60EB4900E48ACA /* AchievementsCellView.swift in Sources */ = {isa = PBXBuildFile; fileRef = 7B9BED012C60EB4900E48ACA /* AchievementsCellView.swift */; };
		7B9BED062C60EBD200E48ACA /* AchievementSheetView.swift in Sources */ = {isa = PBXBuildFile; fileRef = 7B9BED052C60EBD200E48ACA /* AchievementSheetView.swift */; };
		7BA24BF82C55AD1B00A0CE0C /* MainView.swift in Sources */ = {isa = PBXBuildFile; fileRef = 7BA24BF72C55AD1B00A0CE0C /* MainView.swift */; };
		7BA24BFA2C55ADEA00A0CE0C /* AchievementsView.swift in Sources */ = {isa = PBXBuildFile; fileRef = 7BA24BF92C55ADEA00A0CE0C /* AchievementsView.swift */; };
		7BA24BFC2C55ADF800A0CE0C /* HealthView.swift in Sources */ = {isa = PBXBuildFile; fileRef = 7BA24BFB2C55ADF800A0CE0C /* HealthView.swift */; };
		7BA24BFF2C55B0C700A0CE0C /* MainViewModel.swift in Sources */ = {isa = PBXBuildFile; fileRef = 7BA24BFE2C55B0C700A0CE0C /* MainViewModel.swift */; };
		7BBC5FC72CD22C7B001E37C9 /* BottomGradientView.swift in Sources */ = {isa = PBXBuildFile; fileRef = 7BBC5FC62CD22C7B001E37C9 /* BottomGradientView.swift */; };
		7BBC5FC92CD22CCC001E37C9 /* HealthSectionHeaderView.swift in Sources */ = {isa = PBXBuildFile; fileRef = 7BBC5FC82CD22CCC001E37C9 /* HealthSectionHeaderView.swift */; };
/* End PBXBuildFile section */

/* Begin PBXFileReference section */
		7B0686312CD19CDC00A96EE6 /* SettingsViewModel.swift */ = {isa = PBXFileReference; lastKnownFileType = sourcecode.swift; path = SettingsViewModel.swift; sourceTree = "<group>"; };
		7B41F2A22C5D4B9E00DE7F7A /* TopLittleButton.swift */ = {isa = PBXFileReference; lastKnownFileType = sourcecode.swift; path = TopLittleButton.swift; sourceTree = "<group>"; };
		7B41F2A52C5D4D5000DE7F7A /* ActivePopup.swift */ = {isa = PBXFileReference; lastKnownFileType = sourcecode.swift; path = ActivePopup.swift; sourceTree = "<group>"; };
		7B41F2A72C5D4F0200DE7F7A /* AdviceViewModel.swift */ = {isa = PBXFileReference; lastKnownFileType = sourcecode.swift; path = AdviceViewModel.swift; sourceTree = "<group>"; };
		7B41F2AA2C5D504300DE7F7A /* AdviceModel.swift */ = {isa = PBXFileReference; lastKnownFileType = sourcecode.swift; path = AdviceModel.swift; sourceTree = "<group>"; };
		7B41F2AC2C5D54DA00DE7F7A /* TitleModifier.swift */ = {isa = PBXFileReference; lastKnownFileType = sourcecode.swift; path = TitleModifier.swift; sourceTree = "<group>"; };
		7B41F2AE2C5D55DE00DE7F7A /* SubtitleModifier.swift */ = {isa = PBXFileReference; lastKnownFileType = sourcecode.swift; path = SubtitleModifier.swift; sourceTree = "<group>"; };
		7B41F2B02C5D580000DE7F7A /* doctor.json */ = {isa = PBXFileReference; fileEncoding = 4; lastKnownFileType = text.json; path = doctor.json; sourceTree = "<group>"; };
		7B41F2B22C5D612800DE7F7A /* XMarkView.swift */ = {isa = PBXFileReference; lastKnownFileType = sourcecode.swift; path = XMarkView.swift; sourceTree = "<group>"; };
		7B41F2B42C5D617100DE7F7A /* AdviceView.swift */ = {isa = PBXFileReference; lastKnownFileType = sourcecode.swift; path = AdviceView.swift; sourceTree = "<group>"; };
		7B50833D2C54E9270051552A /* NonSmoker.app */ = {isa = PBXFileReference; explicitFileType = wrapper.application; includeInIndex = 0; path = NonSmoker.app; sourceTree = BUILT_PRODUCTS_DIR; };
		7B5083402C54E9270051552A /* NonSmokerApp.swift */ = {isa = PBXFileReference; lastKnownFileType = sourcecode.swift; path = NonSmokerApp.swift; sourceTree = "<group>"; };
		7B5083422C54E9270051552A /* HomeDelegate.swift */ = {isa = PBXFileReference; lastKnownFileType = sourcecode.swift; path = HomeDelegate.swift; sourceTree = "<group>"; };
		7B5083442C54E9290051552A /* Assets.xcassets */ = {isa = PBXFileReference; lastKnownFileType = folder.assetcatalog; path = Assets.xcassets; sourceTree = "<group>"; };
		7B5083472C54E9290051552A /* Preview Assets.xcassets */ = {isa = PBXFileReference; lastKnownFileType = folder.assetcatalog; path = "Preview Assets.xcassets"; sourceTree = "<group>"; };
		7B50834E2C54E9E90051552A /* TimerManager.swift */ = {isa = PBXFileReference; fileEncoding = 4; lastKnownFileType = sourcecode.swift; path = TimerManager.swift; sourceTree = "<group>"; };
		7B5083502C54E9F50051552A /* DefaultButtonView.swift */ = {isa = PBXFileReference; fileEncoding = 4; lastKnownFileType = sourcecode.swift; path = DefaultButtonView.swift; sourceTree = "<group>"; };
		7B5083522C54E9FC0051552A /* Constants.swift */ = {isa = PBXFileReference; fileEncoding = 4; lastKnownFileType = sourcecode.swift; path = Constants.swift; sourceTree = "<group>"; };
		7B5083542C54EA050051552A /* TimerView.swift */ = {isa = PBXFileReference; fileEncoding = 4; lastKnownFileType = sourcecode.swift; path = TimerView.swift; sourceTree = "<group>"; };
		7B5083562C54EA0A0051552A /* FontHandler.swift */ = {isa = PBXFileReference; fileEncoding = 4; lastKnownFileType = sourcecode.swift; path = FontHandler.swift; sourceTree = "<group>"; };
		7B5083582C54EA110051552A /* CircleBackgroundView.swift */ = {isa = PBXFileReference; fileEncoding = 4; lastKnownFileType = sourcecode.swift; path = CircleBackgroundView.swift; sourceTree = "<group>"; };
		7B50835A2C54EAC80051552A /* AudioPlayerManager.swift */ = {isa = PBXFileReference; fileEncoding = 4; lastKnownFileType = sourcecode.swift; path = AudioPlayerManager.swift; sourceTree = "<group>"; };
		7B5083612C54ECF30051552A /* HeaderView.swift */ = {isa = PBXFileReference; lastKnownFileType = sourcecode.swift; path = HeaderView.swift; sourceTree = "<group>"; };
		7B620C332CADB6D00002917B /* SettingsView.swift */ = {isa = PBXFileReference; lastKnownFileType = sourcecode.swift; path = SettingsView.swift; sourceTree = "<group>"; };
		7B70E3792C5D6CCD006B53DD /* Hex.swift */ = {isa = PBXFileReference; lastKnownFileType = sourcecode.swift; path = Hex.swift; sourceTree = "<group>"; };
		7B70E37B2C5D7246006B53DD /* AnimatedGradient.swift */ = {isa = PBXFileReference; lastKnownFileType = sourcecode.swift; path = AnimatedGradient.swift; sourceTree = "<group>"; };
		7B70E37D2C5DA833006B53DD /* restartSmoking.json */ = {isa = PBXFileReference; fileEncoding = 4; lastKnownFileType = text.json; path = restartSmoking.json; sourceTree = "<group>"; };
		7B7189AA2C567BAF006F106B /* NonSmoker.entitlements */ = {isa = PBXFileReference; lastKnownFileType = text.plist.entitlements; path = NonSmoker.entitlements; sourceTree = "<group>"; };
		7B7189AB2C567D43006F106B /* Info.plist */ = {isa = PBXFileReference; lastKnownFileType = text.plist; path = Info.plist; sourceTree = "<group>"; };
		7B7189AD2C5682F4006F106B /* NotificationManager.swift */ = {isa = PBXFileReference; lastKnownFileType = sourcecode.swift; path = NotificationManager.swift; sourceTree = "<group>"; };
		7B7189B22C5683E2006F106B /* ISmokedPopupView.swift */ = {isa = PBXFileReference; lastKnownFileType = sourcecode.swift; path = ISmokedPopupView.swift; sourceTree = "<group>"; };
		7B7189B52C56849B006F106B /* LottieAnimationViewHelper.swift */ = {isa = PBXFileReference; lastKnownFileType = sourcecode.swift; path = LottieAnimationViewHelper.swift; sourceTree = "<group>"; };
		7B7189BF2C56873A006F106B /* ISmokedPopupViewModel.swift */ = {isa = PBXFileReference; lastKnownFileType = sourcecode.swift; path = ISmokedPopupViewModel.swift; sourceTree = "<group>"; };
		7B7189C72C56922E006F106B /* smoke.json */ = {isa = PBXFileReference; fileEncoding = 4; lastKnownFileType = text.json; path = smoke.json; sourceTree = "<group>"; };
		7B7189CE2C569386006F106B /* deathNergis.json */ = {isa = PBXFileReference; fileEncoding = 4; lastKnownFileType = text.json; path = deathNergis.json; sourceTree = "<group>"; };
		7B7189D02C5693D6006F106B /* deathnotpro.json */ = {isa = PBXFileReference; fileEncoding = 4; lastKnownFileType = text.json; path = deathnotpro.json; sourceTree = "<group>"; };
		7B7189D82C569A70006F106B /* again.mp3 */ = {isa = PBXFileReference; lastKnownFileType = audio.mp3; path = again.mp3; sourceTree = "<group>"; };
		7B751E1A2C61312800FBCB2B /* HealthViewModel.swift */ = {isa = PBXFileReference; lastKnownFileType = sourcecode.swift; path = HealthViewModel.swift; sourceTree = "<group>"; };
		7B751E1C2C61318F00FBCB2B /* HealthModel.swift */ = {isa = PBXFileReference; lastKnownFileType = sourcecode.swift; path = HealthModel.swift; sourceTree = "<group>"; };
		7B751E1E2C613F0500FBCB2B /* HealthSheetView.swift */ = {isa = PBXFileReference; lastKnownFileType = sourcecode.swift; path = HealthSheetView.swift; sourceTree = "<group>"; };
		7B751E202C613FC700FBCB2B /* HealthCellView.swift */ = {isa = PBXFileReference; lastKnownFileType = sourcecode.swift; path = HealthCellView.swift; sourceTree = "<group>"; };
		7B8E73C62C5F98E400FB5CA3 /* MainHealthSectionView.swift */ = {isa = PBXFileReference; lastKnownFileType = sourcecode.swift; path = MainHealthSectionView.swift; sourceTree = "<group>"; };
		7B8E73C82C5F9E3200FB5CA3 /* ChargingBarView.swift */ = {isa = PBXFileReference; lastKnownFileType = sourcecode.swift; path = ChargingBarView.swift; sourceTree = "<group>"; };
		7B9BECF92C60E91B00E48ACA /* BottomSheetModifier.swift */ = {isa = PBXFileReference; lastKnownFileType = sourcecode.swift; path = BottomSheetModifier.swift; sourceTree = "<group>"; };
		7B9BECFB2C60E98800E48ACA /* ActiveSheet.swift */ = {isa = PBXFileReference; lastKnownFileType = sourcecode.swift; path = ActiveSheet.swift; sourceTree = "<group>"; };
		7B9BECFD2C60EB0C00E48ACA /* AchievementsViewModel.swift */ = {isa = PBXFileReference; lastKnownFileType = sourcecode.swift; path = AchievementsViewModel.swift; sourceTree = "<group>"; };
		7B9BECFF2C60EB2900E48ACA /* AchievementsModel.swift */ = {isa = PBXFileReference; lastKnownFileType = sourcecode.swift; path = AchievementsModel.swift; sourceTree = "<group>"; };
		7B9BED012C60EB4900E48ACA /* AchievementsCellView.swift */ = {isa = PBXFileReference; lastKnownFileType = sourcecode.swift; path = AchievementsCellView.swift; sourceTree = "<group>"; };
		7B9BED052C60EBD200E48ACA /* AchievementSheetView.swift */ = {isa = PBXFileReference; lastKnownFileType = sourcecode.swift; path = AchievementSheetView.swift; sourceTree = "<group>"; };
		7BA24BF72C55AD1B00A0CE0C /* MainView.swift */ = {isa = PBXFileReference; lastKnownFileType = sourcecode.swift; path = MainView.swift; sourceTree = "<group>"; };
		7BA24BF92C55ADEA00A0CE0C /* AchievementsView.swift */ = {isa = PBXFileReference; lastKnownFileType = sourcecode.swift; path = AchievementsView.swift; sourceTree = "<group>"; };
		7BA24BFB2C55ADF800A0CE0C /* HealthView.swift */ = {isa = PBXFileReference; lastKnownFileType = sourcecode.swift; path = HealthView.swift; sourceTree = "<group>"; };
		7BA24BFE2C55B0C700A0CE0C /* MainViewModel.swift */ = {isa = PBXFileReference; lastKnownFileType = sourcecode.swift; path = MainViewModel.swift; sourceTree = "<group>"; };
		7BBC5FC62CD22C7B001E37C9 /* BottomGradientView.swift */ = {isa = PBXFileReference; lastKnownFileType = sourcecode.swift; path = BottomGradientView.swift; sourceTree = "<group>"; };
		7BBC5FC82CD22CCC001E37C9 /* HealthSectionHeaderView.swift */ = {isa = PBXFileReference; lastKnownFileType = sourcecode.swift; path = HealthSectionHeaderView.swift; sourceTree = "<group>"; };
/* End PBXFileReference section */

/* Begin PBXFrameworksBuildPhase section */
		7B50833A2C54E9270051552A /* Frameworks */ = {
			isa = PBXFrameworksBuildPhase;
			buildActionMask = 2147483647;
			files = (
				7B7189CD2C5692EC006F106B /* Lottie in Frameworks */,
			);
			runOnlyForDeploymentPostprocessing = 0;
		};
/* End PBXFrameworksBuildPhase section */

/* Begin PBXGroup section */
		7B41F2A12C5D4B9400DE7F7A /* Common */ = {
			isa = PBXGroup;
			children = (
				7BBC5FC62CD22C7B001E37C9 /* BottomGradientView.swift */,
				7B41F2A22C5D4B9E00DE7F7A /* TopLittleButton.swift */,
				7B41F2AC2C5D54DA00DE7F7A /* TitleModifier.swift */,
				7B41F2AE2C5D55DE00DE7F7A /* SubtitleModifier.swift */,
				7B41F2B22C5D612800DE7F7A /* XMarkView.swift */,
				7B70E37B2C5D7246006B53DD /* AnimatedGradient.swift */,
				7B9BECF92C60E91B00E48ACA /* BottomSheetModifier.swift */,
			);
			path = Common;
			sourceTree = "<group>";
		};
		7B41F2A92C5D503C00DE7F7A /* Model */ = {
			isa = PBXGroup;
			children = (
				7B41F2AA2C5D504300DE7F7A /* AdviceModel.swift */,
				7B9BECFF2C60EB2900E48ACA /* AchievementsModel.swift */,
				7B751E1C2C61318F00FBCB2B /* HealthModel.swift */,
			);
			path = Model;
			sourceTree = "<group>";
		};
		7B5083342C54E9270051552A = {
			isa = PBXGroup;
			children = (
				7B50833F2C54E9270051552A /* NonSmoker */,
				7B50833E2C54E9270051552A /* Products */,
				7B7189C92C5692D8006F106B /* Frameworks */,
			);
			sourceTree = "<group>";
		};
		7B50833E2C54E9270051552A /* Products */ = {
			isa = PBXGroup;
			children = (
				7B50833D2C54E9270051552A /* NonSmoker.app */,
			);
			name = Products;
			sourceTree = "<group>";
		};
		7B50833F2C54E9270051552A /* NonSmoker */ = {
			isa = PBXGroup;
			children = (
				7B41F2A92C5D503C00DE7F7A /* Model */,
				7B7189B02C56836E006F106B /* Helpers */,
				7B7189AC2C5682E1006F106B /* Delegation */,
				7B7189AB2C567D43006F106B /* Info.plist */,
				7B7189AA2C567BAF006F106B /* NonSmoker.entitlements */,
				7BA24BFD2C55B0BE00A0CE0C /* ViewModel */,
				7B5083602C54ECEC0051552A /* View */,
				7B50835E2C54EAE30051552A /* source */,
				7B50835B2C54EAC80051552A /* Manager */,
				7B5083462C54E9290051552A /* Preview Content */,
			);
			path = NonSmoker;
			sourceTree = "<group>";
		};
		7B5083462C54E9290051552A /* Preview Content */ = {
			isa = PBXGroup;
			children = (
				7B5083472C54E9290051552A /* Preview Assets.xcassets */,
			);
			path = "Preview Content";
			sourceTree = "<group>";
		};
		7B50835B2C54EAC80051552A /* Manager */ = {
			isa = PBXGroup;
			children = (
				7B50834E2C54E9E90051552A /* TimerManager.swift */,
				7B50835A2C54EAC80051552A /* AudioPlayerManager.swift */,
				7B7189AD2C5682F4006F106B /* NotificationManager.swift */,
			);
			path = Manager;
			sourceTree = "<group>";
		};
		7B50835E2C54EAE30051552A /* source */ = {
			isa = PBXGroup;
			children = (
				7BBC5FCE2CD230F6001E37C9 /* assets */,
				7B7189BC2C5686E1006F106B /* animation */,
				7B7189BB2C5686DE006F106B /* audio */,
			);
			path = source;
			sourceTree = "<group>";
		};
		7B5083602C54ECEC0051552A /* View */ = {
			isa = PBXGroup;
			children = (
				7B41F2A12C5D4B9400DE7F7A /* Common */,
				7B7189B42C56848D006F106B /* HelperView */,
				7B7189B12C5683D6006F106B /* Popup */,
				7B5083582C54EA110051552A /* CircleBackgroundView.swift */,
				7B5083542C54EA050051552A /* TimerView.swift */,
				7B5083502C54E9F50051552A /* DefaultButtonView.swift */,
				7B5083612C54ECF30051552A /* HeaderView.swift */,
				7BA24BF72C55AD1B00A0CE0C /* MainView.swift */,
				7B9BED052C60EBD200E48ACA /* AchievementSheetView.swift */,
				7B8E73C62C5F98E400FB5CA3 /* MainHealthSectionView.swift */,
				7B751E1E2C613F0500FBCB2B /* HealthSheetView.swift */,
				7B8E73C82C5F9E3200FB5CA3 /* ChargingBarView.swift */,
				7BA24BF92C55ADEA00A0CE0C /* AchievementsView.swift */,
				7B751E202C613FC700FBCB2B /* HealthCellView.swift */,
				7BA24BFB2C55ADF800A0CE0C /* HealthView.swift */,
				7B41F2B42C5D617100DE7F7A /* AdviceView.swift */,
				7B9BED012C60EB4900E48ACA /* AchievementsCellView.swift */,
				7B620C332CADB6D00002917B /* SettingsView.swift */,
				7BBC5FC82CD22CCC001E37C9 /* HealthSectionHeaderView.swift */,
			);
			path = View;
			sourceTree = "<group>";
		};
		7B7189AC2C5682E1006F106B /* Delegation */ = {
			isa = PBXGroup;
			children = (
				7B5083402C54E9270051552A /* NonSmokerApp.swift */,
				7B5083422C54E9270051552A /* HomeDelegate.swift */,
			);
			path = Delegation;
			sourceTree = "<group>";
		};
		7B7189B02C56836E006F106B /* Helpers */ = {
			isa = PBXGroup;
			children = (
				7B5083562C54EA0A0051552A /* FontHandler.swift */,
				7B5083522C54E9FC0051552A /* Constants.swift */,
				7B41F2A52C5D4D5000DE7F7A /* ActivePopup.swift */,
				7B70E3792C5D6CCD006B53DD /* Hex.swift */,
				7B9BECFB2C60E98800E48ACA /* ActiveSheet.swift */,
			);
			path = Helpers;
			sourceTree = "<group>";
		};
		7B7189B12C5683D6006F106B /* Popup */ = {
			isa = PBXGroup;
			children = (
				7B7189B22C5683E2006F106B /* ISmokedPopupView.swift */,
			);
			path = Popup;
			sourceTree = "<group>";
		};
		7B7189B42C56848D006F106B /* HelperView */ = {
			isa = PBXGroup;
			children = (
				7B7189B52C56849B006F106B /* LottieAnimationViewHelper.swift */,
			);
			path = HelperView;
			sourceTree = "<group>";
		};
		7B7189BB2C5686DE006F106B /* audio */ = {
			isa = PBXGroup;
			children = (
				7B7189D82C569A70006F106B /* again.mp3 */,
			);
			path = audio;
			sourceTree = "<group>";
		};
		7B7189BC2C5686E1006F106B /* animation */ = {
			isa = PBXGroup;
			children = (
				7B7189C72C56922E006F106B /* smoke.json */,
				7B41F2B02C5D580000DE7F7A /* doctor.json */,
				7B70E37D2C5DA833006B53DD /* restartSmoking.json */,
				7B7189CE2C569386006F106B /* deathNergis.json */,
				7B7189D02C5693D6006F106B /* deathnotpro.json */,
			);
			path = animation;
			sourceTree = "<group>";
		};
		7B7189C92C5692D8006F106B /* Frameworks */ = {
			isa = PBXGroup;
			children = (
			);
			name = Frameworks;
			sourceTree = "<group>";
		};
		7BA24BFD2C55B0BE00A0CE0C /* ViewModel */ = {
			isa = PBXGroup;
			children = (
				7BA24BFE2C55B0C700A0CE0C /* MainViewModel.swift */,
				7B751E1A2C61312800FBCB2B /* HealthViewModel.swift */,
				7B41F2A72C5D4F0200DE7F7A /* AdviceViewModel.swift */,
				7B7189BF2C56873A006F106B /* ISmokedPopupViewModel.swift */,
				7B9BECFD2C60EB0C00E48ACA /* AchievementsViewModel.swift */,
				7B0686312CD19CDC00A96EE6 /* SettingsViewModel.swift */,
			);
			path = ViewModel;
			sourceTree = "<group>";
		};
		7BBC5FCE2CD230F6001E37C9 /* assets */ = {
			isa = PBXGroup;
			children = (
				7B5083442C54E9290051552A /* Assets.xcassets */,
			);
			path = assets;
			sourceTree = "<group>";
		};
/* End PBXGroup section */

/* Begin PBXNativeTarget section */
		7B50833C2C54E9270051552A /* NonSmoker */ = {
			isa = PBXNativeTarget;
			buildConfigurationList = 7B50834B2C54E9290051552A /* Build configuration list for PBXNativeTarget "NonSmoker" */;
			buildPhases = (
				7B5083392C54E9270051552A /* Sources */,
				7B50833A2C54E9270051552A /* Frameworks */,
				7B50833B2C54E9270051552A /* Resources */,
			);
			buildRules = (
			);
			dependencies = (
			);
			name = NonSmoker;
			packageProductDependencies = (
				7B7189CC2C5692EC006F106B /* Lottie */,
			);
			productName = NonSmoker;
			productReference = 7B50833D2C54E9270051552A /* NonSmoker.app */;
			productType = "com.apple.product-type.application";
		};
/* End PBXNativeTarget section */

/* Begin PBXProject section */
		7B5083352C54E9270051552A /* Project object */ = {
			isa = PBXProject;
			attributes = {
				BuildIndependentTargetsInParallel = 1;
				LastSwiftUpdateCheck = 1540;
				LastUpgradeCheck = 1540;
				TargetAttributes = {
					7B50833C2C54E9270051552A = {
						CreatedOnToolsVersion = 15.4;
					};
				};
			};
			buildConfigurationList = 7B5083382C54E9270051552A /* Build configuration list for PBXProject "NonSmoker" */;
			compatibilityVersion = "Xcode 14.0";
			developmentRegion = en;
			hasScannedForEncodings = 0;
			knownRegions = (
				en,
				Base,
			);
			mainGroup = 7B5083342C54E9270051552A;
			packageReferences = (
				7B7189B72C56850C006F106B /* XCRemoteSwiftPackageReference "lottie-ios" */,
			);
			productRefGroup = 7B50833E2C54E9270051552A /* Products */;
			projectDirPath = "";
			projectRoot = "";
			targets = (
				7B50833C2C54E9270051552A /* NonSmoker */,
			);
		};
/* End PBXProject section */

/* Begin PBXResourcesBuildPhase section */
		7B50833B2C54E9270051552A /* Resources */ = {
			isa = PBXResourcesBuildPhase;
			buildActionMask = 2147483647;
			files = (
				7B70E37E2C5DA833006B53DD /* restartSmoking.json in Resources */,
				7B5083482C54E9290051552A /* Preview Assets.xcassets in Resources */,
				7B7189C82C56922E006F106B /* smoke.json in Resources */,
				7B7189D92C569A70006F106B /* again.mp3 in Resources */,
				7B7189CF2C569386006F106B /* deathNergis.json in Resources */,
				7B5083452C54E9290051552A /* Assets.xcassets in Resources */,
				7B7189D12C5693D6006F106B /* deathnotpro.json in Resources */,
				7B41F2B12C5D580000DE7F7A /* doctor.json in Resources */,
			);
			runOnlyForDeploymentPostprocessing = 0;
		};
/* End PBXResourcesBuildPhase section */

/* Begin PBXSourcesBuildPhase section */
		7B5083392C54E9270051552A /* Sources */ = {
			isa = PBXSourcesBuildPhase;
			buildActionMask = 2147483647;
			files = (
				7B5083552C54EA050051552A /* TimerView.swift in Sources */,
				7B9BECFC2C60E98800E48ACA /* ActiveSheet.swift in Sources */,
				7B5083532C54E9FC0051552A /* Constants.swift in Sources */,
				7B41F2B32C5D612800DE7F7A /* XMarkView.swift in Sources */,
				7B5083592C54EA120051552A /* CircleBackgroundView.swift in Sources */,
				7BBC5FC72CD22C7B001E37C9 /* BottomGradientView.swift in Sources */,
				7B620C342CADB6D00002917B /* SettingsView.swift in Sources */,
				7B9BED002C60EB2900E48ACA /* AchievementsModel.swift in Sources */,
				7B41F2B52C5D617100DE7F7A /* AdviceView.swift in Sources */,
				7B751E1F2C613F0500FBCB2B /* HealthSheetView.swift in Sources */,
				7B8E73C72C5F98E400FB5CA3 /* MainHealthSectionView.swift in Sources */,
				7B7189B62C56849B006F106B /* LottieAnimationViewHelper.swift in Sources */,
				7B751E1D2C61318F00FBCB2B /* HealthModel.swift in Sources */,
				7B41F2AF2C5D55DE00DE7F7A /* SubtitleModifier.swift in Sources */,
				7B5083572C54EA0A0051552A /* FontHandler.swift in Sources */,
				7B41F2A82C5D4F0200DE7F7A /* AdviceViewModel.swift in Sources */,
				7B751E1B2C61312800FBCB2B /* HealthViewModel.swift in Sources */,
				7BA24BFA2C55ADEA00A0CE0C /* AchievementsView.swift in Sources */,
				7B50834F2C54E9E90051552A /* TimerManager.swift in Sources */,
				7B9BED022C60EB4900E48ACA /* AchievementsCellView.swift in Sources */,
				7B5083622C54ECF30051552A /* HeaderView.swift in Sources */,
				7B41F2AB2C5D504300DE7F7A /* AdviceModel.swift in Sources */,
				7B41F2A62C5D4D5000DE7F7A /* ActivePopup.swift in Sources */,
				7B8E73C92C5F9E3200FB5CA3 /* ChargingBarView.swift in Sources */,
				7B7189C02C56873A006F106B /* ISmokedPopupViewModel.swift in Sources */,
				7B70E37A2C5D6CCD006B53DD /* Hex.swift in Sources */,
				7B751E212C613FC700FBCB2B /* HealthCellView.swift in Sources */,
				7BBC5FC92CD22CCC001E37C9 /* HealthSectionHeaderView.swift in Sources */,
				7BA24BFF2C55B0C700A0CE0C /* MainViewModel.swift in Sources */,
				7B41F2AD2C5D54DA00DE7F7A /* TitleModifier.swift in Sources */,
				7B5083432C54E9270051552A /* HomeDelegate.swift in Sources */,
				7BA24BF82C55AD1B00A0CE0C /* MainView.swift in Sources */,
				7B5083512C54E9F50051552A /* DefaultButtonView.swift in Sources */,
				7B70E37C2C5D7246006B53DD /* AnimatedGradient.swift in Sources */,
				7B50835C2C54EAC80051552A /* AudioPlayerManager.swift in Sources */,
				7B7189B32C5683E2006F106B /* ISmokedPopupView.swift in Sources */,
				7B9BECFA2C60E91B00E48ACA /* BottomSheetModifier.swift in Sources */,
				7B9BED062C60EBD200E48ACA /* AchievementSheetView.swift in Sources */,
				7B41F2A32C5D4B9E00DE7F7A /* TopLittleButton.swift in Sources */,
				7B7189AE2C5682F4006F106B /* NotificationManager.swift in Sources */,
				7B5083412C54E9270051552A /* NonSmokerApp.swift in Sources */,
				7BA24BFC2C55ADF800A0CE0C /* HealthView.swift in Sources */,
				7B9BECFE2C60EB0C00E48ACA /* AchievementsViewModel.swift in Sources */,
				7B0686322CD19CDC00A96EE6 /* SettingsViewModel.swift in Sources */,
			);
			runOnlyForDeploymentPostprocessing = 0;
		};
/* End PBXSourcesBuildPhase section */

/* Begin XCBuildConfiguration section */
		7B5083492C54E9290051552A /* Debug */ = {
			isa = XCBuildConfiguration;
			buildSettings = {
				ALWAYS_SEARCH_USER_PATHS = NO;
				ASSETCATALOG_COMPILER_GENERATE_SWIFT_ASSET_SYMBOL_EXTENSIONS = YES;
				CLANG_ANALYZER_NONNULL = YES;
				CLANG_ANALYZER_NUMBER_OBJECT_CONVERSION = YES_AGGRESSIVE;
				CLANG_CXX_LANGUAGE_STANDARD = "gnu++20";
				CLANG_ENABLE_MODULES = YES;
				CLANG_ENABLE_OBJC_ARC = YES;
				CLANG_ENABLE_OBJC_WEAK = YES;
				CLANG_WARN_BLOCK_CAPTURE_AUTORELEASING = YES;
				CLANG_WARN_BOOL_CONVERSION = YES;
				CLANG_WARN_COMMA = YES;
				CLANG_WARN_CONSTANT_CONVERSION = YES;
				CLANG_WARN_DEPRECATED_OBJC_IMPLEMENTATIONS = YES;
				CLANG_WARN_DIRECT_OBJC_ISA_USAGE = YES_ERROR;
				CLANG_WARN_DOCUMENTATION_COMMENTS = YES;
				CLANG_WARN_EMPTY_BODY = YES;
				CLANG_WARN_ENUM_CONVERSION = YES;
				CLANG_WARN_INFINITE_RECURSION = YES;
				CLANG_WARN_INT_CONVERSION = YES;
				CLANG_WARN_NON_LITERAL_NULL_CONVERSION = YES;
				CLANG_WARN_OBJC_IMPLICIT_RETAIN_SELF = YES;
				CLANG_WARN_OBJC_LITERAL_CONVERSION = YES;
				CLANG_WARN_OBJC_ROOT_CLASS = YES_ERROR;
				CLANG_WARN_QUOTED_INCLUDE_IN_FRAMEWORK_HEADER = YES;
				CLANG_WARN_RANGE_LOOP_ANALYSIS = YES;
				CLANG_WARN_STRICT_PROTOTYPES = YES;
				CLANG_WARN_SUSPICIOUS_MOVE = YES;
				CLANG_WARN_UNGUARDED_AVAILABILITY = YES_AGGRESSIVE;
				CLANG_WARN_UNREACHABLE_CODE = YES;
				CLANG_WARN__DUPLICATE_METHOD_MATCH = YES;
				COPY_PHASE_STRIP = NO;
				DEBUG_INFORMATION_FORMAT = dwarf;
				ENABLE_STRICT_OBJC_MSGSEND = YES;
				ENABLE_TESTABILITY = YES;
				ENABLE_USER_SCRIPT_SANDBOXING = YES;
				GCC_C_LANGUAGE_STANDARD = gnu17;
				GCC_DYNAMIC_NO_PIC = NO;
				GCC_NO_COMMON_BLOCKS = YES;
				GCC_OPTIMIZATION_LEVEL = 0;
				GCC_PREPROCESSOR_DEFINITIONS = (
					"DEBUG=1",
					"$(inherited)",
				);
				GCC_WARN_64_TO_32_BIT_CONVERSION = YES;
				GCC_WARN_ABOUT_RETURN_TYPE = YES_ERROR;
				GCC_WARN_UNDECLARED_SELECTOR = YES;
				GCC_WARN_UNINITIALIZED_AUTOS = YES_AGGRESSIVE;
				GCC_WARN_UNUSED_FUNCTION = YES;
				GCC_WARN_UNUSED_VARIABLE = YES;
				IPHONEOS_DEPLOYMENT_TARGET = 17.5;
				LOCALIZATION_PREFERS_STRING_CATALOGS = YES;
				MTL_ENABLE_DEBUG_INFO = INCLUDE_SOURCE;
				MTL_FAST_MATH = YES;
				ONLY_ACTIVE_ARCH = YES;
				SDKROOT = iphoneos;
				SWIFT_ACTIVE_COMPILATION_CONDITIONS = "DEBUG $(inherited)";
				SWIFT_OPTIMIZATION_LEVEL = "-Onone";
			};
			name = Debug;
		};
		7B50834A2C54E9290051552A /* Release */ = {
			isa = XCBuildConfiguration;
			buildSettings = {
				ALWAYS_SEARCH_USER_PATHS = NO;
				ASSETCATALOG_COMPILER_GENERATE_SWIFT_ASSET_SYMBOL_EXTENSIONS = YES;
				CLANG_ANALYZER_NONNULL = YES;
				CLANG_ANALYZER_NUMBER_OBJECT_CONVERSION = YES_AGGRESSIVE;
				CLANG_CXX_LANGUAGE_STANDARD = "gnu++20";
				CLANG_ENABLE_MODULES = YES;
				CLANG_ENABLE_OBJC_ARC = YES;
				CLANG_ENABLE_OBJC_WEAK = YES;
				CLANG_WARN_BLOCK_CAPTURE_AUTORELEASING = YES;
				CLANG_WARN_BOOL_CONVERSION = YES;
				CLANG_WARN_COMMA = YES;
				CLANG_WARN_CONSTANT_CONVERSION = YES;
				CLANG_WARN_DEPRECATED_OBJC_IMPLEMENTATIONS = YES;
				CLANG_WARN_DIRECT_OBJC_ISA_USAGE = YES_ERROR;
				CLANG_WARN_DOCUMENTATION_COMMENTS = YES;
				CLANG_WARN_EMPTY_BODY = YES;
				CLANG_WARN_ENUM_CONVERSION = YES;
				CLANG_WARN_INFINITE_RECURSION = YES;
				CLANG_WARN_INT_CONVERSION = YES;
				CLANG_WARN_NON_LITERAL_NULL_CONVERSION = YES;
				CLANG_WARN_OBJC_IMPLICIT_RETAIN_SELF = YES;
				CLANG_WARN_OBJC_LITERAL_CONVERSION = YES;
				CLANG_WARN_OBJC_ROOT_CLASS = YES_ERROR;
				CLANG_WARN_QUOTED_INCLUDE_IN_FRAMEWORK_HEADER = YES;
				CLANG_WARN_RANGE_LOOP_ANALYSIS = YES;
				CLANG_WARN_STRICT_PROTOTYPES = YES;
				CLANG_WARN_SUSPICIOUS_MOVE = YES;
				CLANG_WARN_UNGUARDED_AVAILABILITY = YES_AGGRESSIVE;
				CLANG_WARN_UNREACHABLE_CODE = YES;
				CLANG_WARN__DUPLICATE_METHOD_MATCH = YES;
				COPY_PHASE_STRIP = NO;
				DEBUG_INFORMATION_FORMAT = "dwarf-with-dsym";
				ENABLE_NS_ASSERTIONS = NO;
				ENABLE_STRICT_OBJC_MSGSEND = YES;
				ENABLE_USER_SCRIPT_SANDBOXING = YES;
				GCC_C_LANGUAGE_STANDARD = gnu17;
				GCC_NO_COMMON_BLOCKS = YES;
				GCC_WARN_64_TO_32_BIT_CONVERSION = YES;
				GCC_WARN_ABOUT_RETURN_TYPE = YES_ERROR;
				GCC_WARN_UNDECLARED_SELECTOR = YES;
				GCC_WARN_UNINITIALIZED_AUTOS = YES_AGGRESSIVE;
				GCC_WARN_UNUSED_FUNCTION = YES;
				GCC_WARN_UNUSED_VARIABLE = YES;
				IPHONEOS_DEPLOYMENT_TARGET = 17.5;
				LOCALIZATION_PREFERS_STRING_CATALOGS = YES;
				MTL_ENABLE_DEBUG_INFO = NO;
				MTL_FAST_MATH = YES;
				SDKROOT = iphoneos;
				SWIFT_COMPILATION_MODE = wholemodule;
				VALIDATE_PRODUCT = YES;
			};
			name = Release;
		};
		7B50834C2C54E9290051552A /* Debug */ = {
			isa = XCBuildConfiguration;
			buildSettings = {
				ASSETCATALOG_COMPILER_APPICON_NAME = AppIcon;
				ASSETCATALOG_COMPILER_GLOBAL_ACCENT_COLOR_NAME = AccentColor;
				CODE_SIGN_ENTITLEMENTS = NonSmoker/NonSmoker.entitlements;
				CODE_SIGN_STYLE = Automatic;
				CURRENT_PROJECT_VERSION = 1;
				DEVELOPMENT_ASSET_PATHS = "\"NonSmoker/Preview Content\"";
				DEVELOPMENT_TEAM = KTK732WRHB;
				ENABLE_PREVIEWS = YES;
				GENERATE_INFOPLIST_FILE = YES;
				INFOPLIST_FILE = NonSmoker/Info.plist;
				INFOPLIST_KEY_UIApplicationSceneManifest_Generation = YES;
				INFOPLIST_KEY_UIApplicationSupportsIndirectInputEvents = YES;
				INFOPLIST_KEY_UILaunchScreen_Generation = YES;
				INFOPLIST_KEY_UISupportedInterfaceOrientations_iPad = "UIInterfaceOrientationPortrait UIInterfaceOrientationPortraitUpsideDown UIInterfaceOrientationLandscapeLeft UIInterfaceOrientationLandscapeRight";
				INFOPLIST_KEY_UISupportedInterfaceOrientations_iPhone = "UIInterfaceOrientationPortrait UIInterfaceOrientationLandscapeLeft UIInterfaceOrientationLandscapeRight";
				LD_RUNPATH_SEARCH_PATHS = (
					"$(inherited)",
					"@executable_path/Frameworks",
				);
				MARKETING_VERSION = 1.0;
				PRODUCT_BUNDLE_IDENTIFIER = com.allymationes.NonSmoker;
				PRODUCT_NAME = "$(TARGET_NAME)";
				SWIFT_EMIT_LOC_STRINGS = YES;
				SWIFT_VERSION = 5.0;
				TARGETED_DEVICE_FAMILY = "1,2";
			};
			name = Debug;
		};
		7B50834D2C54E9290051552A /* Release */ = {
			isa = XCBuildConfiguration;
			buildSettings = {
				ASSETCATALOG_COMPILER_APPICON_NAME = AppIcon;
				ASSETCATALOG_COMPILER_GLOBAL_ACCENT_COLOR_NAME = AccentColor;
				CODE_SIGN_ENTITLEMENTS = NonSmoker/NonSmoker.entitlements;
				CODE_SIGN_STYLE = Automatic;
				CURRENT_PROJECT_VERSION = 1;
				DEVELOPMENT_ASSET_PATHS = "\"NonSmoker/Preview Content\"";
				DEVELOPMENT_TEAM = KTK732WRHB;
				ENABLE_PREVIEWS = YES;
				GENERATE_INFOPLIST_FILE = YES;
				INFOPLIST_FILE = NonSmoker/Info.plist;
				INFOPLIST_KEY_UIApplicationSceneManifest_Generation = YES;
				INFOPLIST_KEY_UIApplicationSupportsIndirectInputEvents = YES;
				INFOPLIST_KEY_UILaunchScreen_Generation = YES;
				INFOPLIST_KEY_UISupportedInterfaceOrientations_iPad = "UIInterfaceOrientationPortrait UIInterfaceOrientationPortraitUpsideDown UIInterfaceOrientationLandscapeLeft UIInterfaceOrientationLandscapeRight";
				INFOPLIST_KEY_UISupportedInterfaceOrientations_iPhone = "UIInterfaceOrientationPortrait UIInterfaceOrientationLandscapeLeft UIInterfaceOrientationLandscapeRight";
				LD_RUNPATH_SEARCH_PATHS = (
					"$(inherited)",
					"@executable_path/Frameworks",
				);
				MARKETING_VERSION = 1.0;
				PRODUCT_BUNDLE_IDENTIFIER = com.allymationes.NonSmoker;
				PRODUCT_NAME = "$(TARGET_NAME)";
				SWIFT_EMIT_LOC_STRINGS = YES;
				SWIFT_VERSION = 5.0;
				TARGETED_DEVICE_FAMILY = "1,2";
			};
			name = Release;
		};
/* End XCBuildConfiguration section */

/* Begin XCConfigurationList section */
		7B5083382C54E9270051552A /* Build configuration list for PBXProject "NonSmoker" */ = {
			isa = XCConfigurationList;
			buildConfigurations = (
				7B5083492C54E9290051552A /* Debug */,
				7B50834A2C54E9290051552A /* Release */,
			);
			defaultConfigurationIsVisible = 0;
			defaultConfigurationName = Release;
		};
		7B50834B2C54E9290051552A /* Build configuration list for PBXNativeTarget "NonSmoker" */ = {
			isa = XCConfigurationList;
			buildConfigurations = (
				7B50834C2C54E9290051552A /* Debug */,
				7B50834D2C54E9290051552A /* Release */,
			);
			defaultConfigurationIsVisible = 0;
			defaultConfigurationName = Release;
		};
/* End XCConfigurationList section */

/* Begin XCRemoteSwiftPackageReference section */
		7B7189B72C56850C006F106B /* XCRemoteSwiftPackageReference "lottie-ios" */ = {
			isa = XCRemoteSwiftPackageReference;
			repositoryURL = "https://github.com/airbnb/lottie-ios.git";
			requirement = {
				kind = upToNextMajorVersion;
				minimumVersion = 4.5.0;
			};
		};
/* End XCRemoteSwiftPackageReference section */

/* Begin XCSwiftPackageProductDependency section */
		7B7189CC2C5692EC006F106B /* Lottie */ = {
			isa = XCSwiftPackageProductDependency;
			package = 7B7189B72C56850C006F106B /* XCRemoteSwiftPackageReference "lottie-ios" */;
			productName = Lottie;
		};
/* End XCSwiftPackageProductDependency section */
	};
	rootObject = 7B5083352C54E9270051552A /* Project object */;
}
